// !$*UTF8*$!
{
	archiveVersion = 1;
	classes = {
	};
	objectVersion = 56;
	objects = {

/* Begin PBXBuildFile section */
		66B461F5295AA6F4007AB59F /* vision_demoApp.swift in Sources */ = {isa = PBXBuildFile; fileRef = 66B461F4295AA6F4007AB59F /* vision_demoApp.swift */; };
		66B461F7295AA6F4007AB59F /* ContentView.swift in Sources */ = {isa = PBXBuildFile; fileRef = 66B461F6295AA6F4007AB59F /* ContentView.swift */; };
		66B461F9295AA6F5007AB59F /* Assets.xcassets in Resources */ = {isa = PBXBuildFile; fileRef = 66B461F8295AA6F5007AB59F /* Assets.xcassets */; };
		66B461FC295AA6F5007AB59F /* Preview Assets.xcassets in Resources */ = {isa = PBXBuildFile; fileRef = 66B461FB295AA6F5007AB59F /* Preview Assets.xcassets */; };
		66B46204296BE658007AB59F /* CameraError.swift in Sources */ = {isa = PBXBuildFile; fileRef = 66B46203296BE658007AB59F /* CameraError.swift */; };
		66B46206296BE68D007AB59F /* CameraManager.swift in Sources */ = {isa = PBXBuildFile; fileRef = 66B46205296BE68D007AB59F /* CameraManager.swift */; };
		66B46208296C2C03007AB59F /* FrameManager.swift in Sources */ = {isa = PBXBuildFile; fileRef = 66B46207296C2C03007AB59F /* FrameManager.swift */; };
		66B4620B296C2D0B007AB59F /* ContentViewModel.swift in Sources */ = {isa = PBXBuildFile; fileRef = 66B4620A296C2D0B007AB59F /* ContentViewModel.swift */; };
		66B4620E296C2D55007AB59F /* CGImageExtension.swift in Sources */ = {isa = PBXBuildFile; fileRef = 66B4620D296C2D55007AB59F /* CGImageExtension.swift */; };
		66B46210296C2E42007AB59F /* FrameView.swift in Sources */ = {isa = PBXBuildFile; fileRef = 66B4620F296C2E42007AB59F /* FrameView.swift */; };
		66B46213296C5896007AB59F /* HandPose.swift in Sources */ = {isa = PBXBuildFile; fileRef = 66B46212296C5896007AB59F /* HandPose.swift */; };
		66B46215296C58C2007AB59F /* Finger.swift in Sources */ = {isa = PBXBuildFile; fileRef = 66B46214296C58C2007AB59F /* Finger.swift */; };
		66B46217296C58F4007AB59F /* BodyPose.swift in Sources */ = {isa = PBXBuildFile; fileRef = 66B46216296C58F4007AB59F /* BodyPose.swift */; };
		66B46219296C5E40007AB59F /* CameraView.swift in Sources */ = {isa = PBXBuildFile; fileRef = 66B46218296C5E40007AB59F /* CameraView.swift */; };
		66B4621B296C5E9A007AB59F /* CameraViewController.swift in Sources */ = {isa = PBXBuildFile; fileRef = 66B4621A296C5E9A007AB59F /* CameraViewController.swift */; };
		66B4621D296C5EDE007AB59F /* CameraPreview.swift in Sources */ = {isa = PBXBuildFile; fileRef = 66B4621C296C5EDE007AB59F /* CameraPreview.swift */; };
		66B4621F296C5FCA007AB59F /* FingersOverlay.swift in Sources */ = {isa = PBXBuildFile; fileRef = 66B4621E296C5FCA007AB59F /* FingersOverlay.swift */; };
		66B46223296C61E6007AB59F /* CameraViewController.xib in Resources */ = {isa = PBXBuildFile; fileRef = 66B46222296C61E6007AB59F /* CameraViewController.xib */; };
/* End PBXBuildFile section */

/* Begin PBXFileReference section */
		66B461F1295AA6F4007AB59F /* vision_demo.app */ = {isa = PBXFileReference; explicitFileType = wrapper.application; includeInIndex = 0; path = vision_demo.app; sourceTree = BUILT_PRODUCTS_DIR; };
		66B461F4295AA6F4007AB59F /* vision_demoApp.swift */ = {isa = PBXFileReference; lastKnownFileType = sourcecode.swift; path = vision_demoApp.swift; sourceTree = "<group>"; };
		66B461F6295AA6F4007AB59F /* ContentView.swift */ = {isa = PBXFileReference; lastKnownFileType = sourcecode.swift; path = ContentView.swift; sourceTree = "<group>"; };
		66B461F8295AA6F5007AB59F /* Assets.xcassets */ = {isa = PBXFileReference; lastKnownFileType = folder.assetcatalog; path = Assets.xcassets; sourceTree = "<group>"; };
		66B461FB295AA6F5007AB59F /* Preview Assets.xcassets */ = {isa = PBXFileReference; lastKnownFileType = folder.assetcatalog; path = "Preview Assets.xcassets"; sourceTree = "<group>"; };
		66B46203296BE658007AB59F /* CameraError.swift */ = {isa = PBXFileReference; lastKnownFileType = sourcecode.swift; path = CameraError.swift; sourceTree = "<group>"; };
		66B46205296BE68D007AB59F /* CameraManager.swift */ = {isa = PBXFileReference; lastKnownFileType = sourcecode.swift; path = CameraManager.swift; sourceTree = "<group>"; };
		66B46207296C2C03007AB59F /* FrameManager.swift */ = {isa = PBXFileReference; lastKnownFileType = sourcecode.swift; path = FrameManager.swift; sourceTree = "<group>"; };
		66B4620A296C2D0B007AB59F /* ContentViewModel.swift */ = {isa = PBXFileReference; lastKnownFileType = sourcecode.swift; path = ContentViewModel.swift; sourceTree = "<group>"; };
		66B4620D296C2D55007AB59F /* CGImageExtension.swift */ = {isa = PBXFileReference; lastKnownFileType = sourcecode.swift; path = CGImageExtension.swift; sourceTree = "<group>"; };
		66B4620F296C2E42007AB59F /* FrameView.swift */ = {isa = PBXFileReference; lastKnownFileType = sourcecode.swift; path = FrameView.swift; sourceTree = "<group>"; };
		66B46212296C5896007AB59F /* HandPose.swift */ = {isa = PBXFileReference; lastKnownFileType = sourcecode.swift; path = HandPose.swift; sourceTree = "<group>"; };
		66B46214296C58C2007AB59F /* Finger.swift */ = {isa = PBXFileReference; lastKnownFileType = sourcecode.swift; path = Finger.swift; sourceTree = "<group>"; };
		66B46216296C58F4007AB59F /* BodyPose.swift */ = {isa = PBXFileReference; lastKnownFileType = sourcecode.swift; path = BodyPose.swift; sourceTree = "<group>"; };
		66B46218296C5E40007AB59F /* CameraView.swift */ = {isa = PBXFileReference; lastKnownFileType = sourcecode.swift; path = CameraView.swift; sourceTree = "<group>"; };
		66B4621A296C5E9A007AB59F /* CameraViewController.swift */ = {isa = PBXFileReference; lastKnownFileType = sourcecode.swift; path = CameraViewController.swift; sourceTree = "<group>"; };
		66B4621C296C5EDE007AB59F /* CameraPreview.swift */ = {isa = PBXFileReference; lastKnownFileType = sourcecode.swift; path = CameraPreview.swift; sourceTree = "<group>"; };
		66B4621E296C5FCA007AB59F /* FingersOverlay.swift */ = {isa = PBXFileReference; lastKnownFileType = sourcecode.swift; path = FingersOverlay.swift; sourceTree = "<group>"; };
		66B46222296C61E6007AB59F /* CameraViewController.xib */ = {isa = PBXFileReference; lastKnownFileType = file.xib; path = CameraViewController.xib; sourceTree = "<group>"; };
		66B46224296C65CA007AB59F /* vision-demo-Info.plist */ = {isa = PBXFileReference; lastKnownFileType = text.plist; path = "vision-demo-Info.plist"; sourceTree = SOURCE_ROOT; };
/* End PBXFileReference section */

/* Begin PBXFrameworksBuildPhase section */
		66B461EE295AA6F4007AB59F /* Frameworks */ = {
			isa = PBXFrameworksBuildPhase;
			buildActionMask = 2147483647;
			files = (
			);
			runOnlyForDeploymentPostprocessing = 0;
		};
/* End PBXFrameworksBuildPhase section */

/* Begin PBXGroup section */
		66B461E8295AA6F4007AB59F = {
			isa = PBXGroup;
			children = (
				66B461F3295AA6F4007AB59F /* vision_demo */,
				66B461F2295AA6F4007AB59F /* Products */,
			);
			sourceTree = "<group>";
		};
		66B461F2295AA6F4007AB59F /* Products */ = {
			isa = PBXGroup;
			children = (
				66B461F1295AA6F4007AB59F /* vision_demo.app */,
			);
			name = Products;
			sourceTree = "<group>";
		};
		66B461F3295AA6F4007AB59F /* vision_demo */ = {
			isa = PBXGroup;
			children = (
				66B46224296C65CA007AB59F /* vision-demo-Info.plist */,
				66B46211296C5874007AB59F /* HandPose */,
				66B4620C296C2D2D007AB59F /* Extensions */,
				66B46209296C2CD8007AB59F /* ViewModels */,
				66B46202296BE608007AB59F /* Camera */,
				66B461F4295AA6F4007AB59F /* vision_demoApp.swift */,
				66B461F6295AA6F4007AB59F /* ContentView.swift */,
				66B461F8295AA6F5007AB59F /* Assets.xcassets */,
				66B461FA295AA6F5007AB59F /* Preview Content */,
				66B4620F296C2E42007AB59F /* FrameView.swift */,
				66B46216296C58F4007AB59F /* BodyPose.swift */,
				66B4621E296C5FCA007AB59F /* FingersOverlay.swift */,
				66B46222296C61E6007AB59F /* CameraViewController.xib */,
			);
			path = vision_demo;
			sourceTree = "<group>";
		};
		66B461FA295AA6F5007AB59F /* Preview Content */ = {
			isa = PBXGroup;
			children = (
				66B461FB295AA6F5007AB59F /* Preview Assets.xcassets */,
			);
			path = "Preview Content";
			sourceTree = "<group>";
		};
		66B46202296BE608007AB59F /* Camera */ = {
			isa = PBXGroup;
			children = (
				66B46203296BE658007AB59F /* CameraError.swift */,
				66B46205296BE68D007AB59F /* CameraManager.swift */,
				66B46207296C2C03007AB59F /* FrameManager.swift */,
				66B46218296C5E40007AB59F /* CameraView.swift */,
				66B4621A296C5E9A007AB59F /* CameraViewController.swift */,
				66B4621C296C5EDE007AB59F /* CameraPreview.swift */,
			);
			path = Camera;
			sourceTree = "<group>";
		};
		66B46209296C2CD8007AB59F /* ViewModels */ = {
			isa = PBXGroup;
			children = (
				66B4620A296C2D0B007AB59F /* ContentViewModel.swift */,
			);
			path = ViewModels;
			sourceTree = "<group>";
		};
		66B4620C296C2D2D007AB59F /* Extensions */ = {
			isa = PBXGroup;
			children = (
				66B4620D296C2D55007AB59F /* CGImageExtension.swift */,
			);
			path = Extensions;
			sourceTree = "<group>";
		};
		66B46211296C5874007AB59F /* HandPose */ = {
			isa = PBXGroup;
			children = (
				66B46212296C5896007AB59F /* HandPose.swift */,
				66B46214296C58C2007AB59F /* Finger.swift */,
			);
			path = HandPose;
			sourceTree = "<group>";
		};
/* End PBXGroup section */

/* Begin PBXNativeTarget section */
		66B461F0295AA6F4007AB59F /* vision_demo */ = {
			isa = PBXNativeTarget;
			buildConfigurationList = 66B461FF295AA6F5007AB59F /* Build configuration list for PBXNativeTarget "vision_demo" */;
			buildPhases = (
				66B461ED295AA6F4007AB59F /* Sources */,
				66B461EE295AA6F4007AB59F /* Frameworks */,
				66B461EF295AA6F4007AB59F /* Resources */,
			);
			buildRules = (
			);
			dependencies = (
			);
			name = vision_demo;
			productName = vision_demo;
			productReference = 66B461F1295AA6F4007AB59F /* vision_demo.app */;
			productType = "com.apple.product-type.application";
		};
/* End PBXNativeTarget section */

/* Begin PBXProject section */
		66B461E9295AA6F4007AB59F /* Project object */ = {
			isa = PBXProject;
			attributes = {
				BuildIndependentTargetsInParallel = 1;
				LastSwiftUpdateCheck = 1420;
				LastUpgradeCheck = 1420;
				TargetAttributes = {
					66B461F0295AA6F4007AB59F = {
						CreatedOnToolsVersion = 14.2;
					};
				};
			};
			buildConfigurationList = 66B461EC295AA6F4007AB59F /* Build configuration list for PBXProject "vision_demo" */;
			compatibilityVersion = "Xcode 14.0";
			developmentRegion = en;
			hasScannedForEncodings = 0;
			knownRegions = (
				en,
				Base,
			);
			mainGroup = 66B461E8295AA6F4007AB59F;
			productRefGroup = 66B461F2295AA6F4007AB59F /* Products */;
			projectDirPath = "";
			projectRoot = "";
			targets = (
				66B461F0295AA6F4007AB59F /* vision_demo */,
			);
		};
/* End PBXProject section */

/* Begin PBXResourcesBuildPhase section */
		66B461EF295AA6F4007AB59F /* Resources */ = {
			isa = PBXResourcesBuildPhase;
			buildActionMask = 2147483647;
			files = (
				66B46223296C61E6007AB59F /* CameraViewController.xib in Resources */,
				66B461FC295AA6F5007AB59F /* Preview Assets.xcassets in Resources */,
				66B461F9295AA6F5007AB59F /* Assets.xcassets in Resources */,
			);
			runOnlyForDeploymentPostprocessing = 0;
		};
/* End PBXResourcesBuildPhase section */

/* Begin PBXSourcesBuildPhase section */
		66B461ED295AA6F4007AB59F /* Sources */ = {
			isa = PBXSourcesBuildPhase;
			buildActionMask = 2147483647;
			files = (
				66B46210296C2E42007AB59F /* FrameView.swift in Sources */,
				66B4621F296C5FCA007AB59F /* FingersOverlay.swift in Sources */,
				66B46208296C2C03007AB59F /* FrameManager.swift in Sources */,
				66B461F7295AA6F4007AB59F /* ContentView.swift in Sources */,
				66B4621D296C5EDE007AB59F /* CameraPreview.swift in Sources */,
				66B46219296C5E40007AB59F /* CameraView.swift in Sources */,
				66B4621B296C5E9A007AB59F /* CameraViewController.swift in Sources */,
				66B4620E296C2D55007AB59F /* CGImageExtension.swift in Sources */,
				66B46217296C58F4007AB59F /* BodyPose.swift in Sources */,
				66B46215296C58C2007AB59F /* Finger.swift in Sources */,
				66B4620B296C2D0B007AB59F /* ContentViewModel.swift in Sources */,
				66B461F5295AA6F4007AB59F /* vision_demoApp.swift in Sources */,
				66B46206296BE68D007AB59F /* CameraManager.swift in Sources */,
				66B46204296BE658007AB59F /* CameraError.swift in Sources */,
				66B46213296C5896007AB59F /* HandPose.swift in Sources */,
			);
			runOnlyForDeploymentPostprocessing = 0;
		};
/* End PBXSourcesBuildPhase section */

/* Begin XCBuildConfiguration section */
		66B461FD295AA6F5007AB59F /* Debug */ = {
			isa = XCBuildConfiguration;
			buildSettings = {
				ALWAYS_SEARCH_USER_PATHS = NO;
				CLANG_ANALYZER_NONNULL = YES;
				CLANG_ANALYZER_NUMBER_OBJECT_CONVERSION = YES_AGGRESSIVE;
				CLANG_CXX_LANGUAGE_STANDARD = "gnu++20";
				CLANG_ENABLE_MODULES = YES;
				CLANG_ENABLE_OBJC_ARC = YES;
				CLANG_ENABLE_OBJC_WEAK = YES;
				CLANG_WARN_BLOCK_CAPTURE_AUTORELEASING = YES;
				CLANG_WARN_BOOL_CONVERSION = YES;
				CLANG_WARN_COMMA = YES;
				CLANG_WARN_CONSTANT_CONVERSION = YES;
				CLANG_WARN_DEPRECATED_OBJC_IMPLEMENTATIONS = YES;
				CLANG_WARN_DIRECT_OBJC_ISA_USAGE = YES_ERROR;
				CLANG_WARN_DOCUMENTATION_COMMENTS = YES;
				CLANG_WARN_EMPTY_BODY = YES;
				CLANG_WARN_ENUM_CONVERSION = YES;
				CLANG_WARN_INFINITE_RECURSION = YES;
				CLANG_WARN_INT_CONVERSION = YES;
				CLANG_WARN_NON_LITERAL_NULL_CONVERSION = YES;
				CLANG_WARN_OBJC_IMPLICIT_RETAIN_SELF = YES;
				CLANG_WARN_OBJC_LITERAL_CONVERSION = YES;
				CLANG_WARN_OBJC_ROOT_CLASS = YES_ERROR;
				CLANG_WARN_QUOTED_INCLUDE_IN_FRAMEWORK_HEADER = YES;
				CLANG_WARN_RANGE_LOOP_ANALYSIS = YES;
				CLANG_WARN_STRICT_PROTOTYPES = YES;
				CLANG_WARN_SUSPICIOUS_MOVE = YES;
				CLANG_WARN_UNGUARDED_AVAILABILITY = YES_AGGRESSIVE;
				CLANG_WARN_UNREACHABLE_CODE = YES;
				CLANG_WARN__DUPLICATE_METHOD_MATCH = YES;
				COPY_PHASE_STRIP = NO;
				DEBUG_INFORMATION_FORMAT = dwarf;
				ENABLE_STRICT_OBJC_MSGSEND = YES;
				ENABLE_TESTABILITY = YES;
				GCC_C_LANGUAGE_STANDARD = gnu11;
				GCC_DYNAMIC_NO_PIC = NO;
				GCC_NO_COMMON_BLOCKS = YES;
				GCC_OPTIMIZATION_LEVEL = 0;
				GCC_PREPROCESSOR_DEFINITIONS = (
					"DEBUG=1",
					"$(inherited)",
				);
				GCC_WARN_64_TO_32_BIT_CONVERSION = YES;
				GCC_WARN_ABOUT_RETURN_TYPE = YES_ERROR;
				GCC_WARN_UNDECLARED_SELECTOR = YES;
				GCC_WARN_UNINITIALIZED_AUTOS = YES_AGGRESSIVE;
				GCC_WARN_UNUSED_FUNCTION = YES;
				GCC_WARN_UNUSED_VARIABLE = YES;
				IPHONEOS_DEPLOYMENT_TARGET = 16.2;
				MTL_ENABLE_DEBUG_INFO = INCLUDE_SOURCE;
				MTL_FAST_MATH = YES;
				ONLY_ACTIVE_ARCH = YES;
				SDKROOT = iphoneos;
				SWIFT_ACTIVE_COMPILATION_CONDITIONS = DEBUG;
				SWIFT_OPTIMIZATION_LEVEL = "-Onone";
			};
			name = Debug;
		};
		66B461FE295AA6F5007AB59F /* Release */ = {
			isa = XCBuildConfiguration;
			buildSettings = {
				ALWAYS_SEARCH_USER_PATHS = NO;
				CLANG_ANALYZER_NONNULL = YES;
				CLANG_ANALYZER_NUMBER_OBJECT_CONVERSION = YES_AGGRESSIVE;
				CLANG_CXX_LANGUAGE_STANDARD = "gnu++20";
				CLANG_ENABLE_MODULES = YES;
				CLANG_ENABLE_OBJC_ARC = YES;
				CLANG_ENABLE_OBJC_WEAK = YES;
				CLANG_WARN_BLOCK_CAPTURE_AUTORELEASING = YES;
				CLANG_WARN_BOOL_CONVERSION = YES;
				CLANG_WARN_COMMA = YES;
				CLANG_WARN_CONSTANT_CONVERSION = YES;
				CLANG_WARN_DEPRECATED_OBJC_IMPLEMENTATIONS = YES;
				CLANG_WARN_DIRECT_OBJC_ISA_USAGE = YES_ERROR;
				CLANG_WARN_DOCUMENTATION_COMMENTS = YES;
				CLANG_WARN_EMPTY_BODY = YES;
				CLANG_WARN_ENUM_CONVERSION = YES;
				CLANG_WARN_INFINITE_RECURSION = YES;
				CLANG_WARN_INT_CONVERSION = YES;
				CLANG_WARN_NON_LITERAL_NULL_CONVERSION = YES;
				CLANG_WARN_OBJC_IMPLICIT_RETAIN_SELF = YES;
				CLANG_WARN_OBJC_LITERAL_CONVERSION = YES;
				CLANG_WARN_OBJC_ROOT_CLASS = YES_ERROR;
				CLANG_WARN_QUOTED_INCLUDE_IN_FRAMEWORK_HEADER = YES;
				CLANG_WARN_RANGE_LOOP_ANALYSIS = YES;
				CLANG_WARN_STRICT_PROTOTYPES = YES;
				CLANG_WARN_SUSPICIOUS_MOVE = YES;
				CLANG_WARN_UNGUARDED_AVAILABILITY = YES_AGGRESSIVE;
				CLANG_WARN_UNREACHABLE_CODE = YES;
				CLANG_WARN__DUPLICATE_METHOD_MATCH = YES;
				COPY_PHASE_STRIP = NO;
				DEBUG_INFORMATION_FORMAT = "dwarf-with-dsym";
				ENABLE_NS_ASSERTIONS = NO;
				ENABLE_STRICT_OBJC_MSGSEND = YES;
				GCC_C_LANGUAGE_STANDARD = gnu11;
				GCC_NO_COMMON_BLOCKS = YES;
				GCC_WARN_64_TO_32_BIT_CONVERSION = YES;
				GCC_WARN_ABOUT_RETURN_TYPE = YES_ERROR;
				GCC_WARN_UNDECLARED_SELECTOR = YES;
				GCC_WARN_UNINITIALIZED_AUTOS = YES_AGGRESSIVE;
				GCC_WARN_UNUSED_FUNCTION = YES;
				GCC_WARN_UNUSED_VARIABLE = YES;
				IPHONEOS_DEPLOYMENT_TARGET = 16.2;
				MTL_ENABLE_DEBUG_INFO = NO;
				MTL_FAST_MATH = YES;
				SDKROOT = iphoneos;
				SWIFT_COMPILATION_MODE = wholemodule;
				SWIFT_OPTIMIZATION_LEVEL = "-O";
				VALIDATE_PRODUCT = YES;
			};
			name = Release;
		};
		66B46200295AA6F5007AB59F /* Debug */ = {
			isa = XCBuildConfiguration;
			buildSettings = {
				ASSETCATALOG_COMPILER_APPICON_NAME = AppIcon;
				ASSETCATALOG_COMPILER_GLOBAL_ACCENT_COLOR_NAME = AccentColor;
				CODE_SIGN_STYLE = Automatic;
				CURRENT_PROJECT_VERSION = 1;
				DEVELOPMENT_ASSET_PATHS = "\"vision_demo/Preview Content\"";
				DEVELOPMENT_TEAM = ELR2YX4DKY;
				ENABLE_PREVIEWS = YES;
				GENERATE_INFOPLIST_FILE = YES;
				INFOPLIST_FILE = "vision-demo-Info.plist";
				INFOPLIST_KEY_NSCameraUsageDescription = "This app needs the camera to filter the world";
				INFOPLIST_KEY_UIApplicationSupportsIndirectInputEvents = YES;
				INFOPLIST_KEY_UILaunchScreen_Generation = YES;
				INFOPLIST_KEY_UISupportedInterfaceOrientations_iPad = "UIInterfaceOrientationPortrait UIInterfaceOrientationPortraitUpsideDown UIInterfaceOrientationLandscapeLeft UIInterfaceOrientationLandscapeRight";
				INFOPLIST_KEY_UISupportedInterfaceOrientations_iPhone = "UIInterfaceOrientationPortrait UIInterfaceOrientationLandscapeLeft UIInterfaceOrientationLandscapeRight";
				LD_RUNPATH_SEARCH_PATHS = (
					"$(inherited)",
					"@executable_path/Frameworks",
				);
				MARKETING_VERSION = 1.0;
				PRODUCT_BUNDLE_IDENTIFIER = "app.cherrystudio.cl001.vision-demo";
				PRODUCT_NAME = "$(TARGET_NAME)";
				SWIFT_EMIT_LOC_STRINGS = YES;
				SWIFT_VERSION = 5.0;
				TARGETED_DEVICE_FAMILY = "1,2";
			};
			name = Debug;
		};
		66B46201295AA6F5007AB59F /* Release */ = {
			isa = XCBuildConfiguration;
			buildSettings = {
				ASSETCATALOG_COMPILER_APPICON_NAME = AppIcon;
				ASSETCATALOG_COMPILER_GLOBAL_ACCENT_COLOR_NAME = AccentColor;
				CODE_SIGN_STYLE = Automatic;
				CURRENT_PROJECT_VERSION = 1;
				DEVELOPMENT_ASSET_PATHS = "\"vision_demo/Preview Content\"";
				DEVELOPMENT_TEAM = ELR2YX4DKY;
				ENABLE_PREVIEWS = YES;
				GENERATE_INFOPLIST_FILE = YES;
				INFOPLIST_FILE = "vision-demo-Info.plist";
				INFOPLIST_KEY_NSCameraUsageDescription = "This app needs the camera to filter the world";
				INFOPLIST_KEY_UIApplicationSupportsIndirectInputEvents = YES;
				INFOPLIST_KEY_UILaunchScreen_Generation = YES;
				INFOPLIST_KEY_UISupportedInterfaceOrientations_iPad = "UIInterfaceOrientationPortrait UIInterfaceOrientationPortraitUpsideDown UIInterfaceOrientationLandscapeLeft UIInterfaceOrientationLandscapeRight";
				INFOPLIST_KEY_UISupportedInterfaceOrientations_iPhone = "UIInterfaceOrientationPortrait UIInterfaceOrientationLandscapeLeft UIInterfaceOrientationLandscapeRight";
				LD_RUNPATH_SEARCH_PATHS = (
					"$(inherited)",
					"@executable_path/Frameworks",
				);
				MARKETING_VERSION = 1.0;
				PRODUCT_BUNDLE_IDENTIFIER = "app.cherrystudio.cl001.vision-demo";
				PRODUCT_NAME = "$(TARGET_NAME)";
				SWIFT_EMIT_LOC_STRINGS = YES;
				SWIFT_VERSION = 5.0;
				TARGETED_DEVICE_FAMILY = "1,2";
			};
			name = Release;
		};
/* End XCBuildConfiguration section */

/* Begin XCConfigurationList section */
		66B461EC295AA6F4007AB59F /* Build configuration list for PBXProject "vision_demo" */ = {
			isa = XCConfigurationList;
			buildConfigurations = (
				66B461FD295AA6F5007AB59F /* Debug */,
				66B461FE295AA6F5007AB59F /* Release */,
			);
			defaultConfigurationIsVisible = 0;
			defaultConfigurationName = Release;
		};
		66B461FF295AA6F5007AB59F /* Build configuration list for PBXNativeTarget "vision_demo" */ = {
			isa = XCConfigurationList;
			buildConfigurations = (
				66B46200295AA6F5007AB59F /* Debug */,
				66B46201295AA6F5007AB59F /* Release */,
			);
			defaultConfigurationIsVisible = 0;
			defaultConfigurationName = Release;
		};
/* End XCConfigurationList section */
	};
	rootObject = 66B461E9295AA6F4007AB59F /* Project object */;
}
